version = 1
revision = 3
requires-python = "==3.11.*"

[[package]]
name = "colorama"
version = "0.4.6"
source = { registry = "https://pypi.org/simple" }
sdist = { url = "https://files.pythonhosted.org/packages/d8/53/6f443c9a4a8358a93a6792e2acffb9d9d5cb0a5cfd8802644b7b1c9a02e4/colorama-0.4.6.tar.gz", hash = "sha256:08695f5cb7ed6e0531a20572697297273c47b8cae5a63ffc6d6ed5c201be6e44", size = 27697, upload-time = "2022-10-25T02:36:22.414Z" }
wheels = [
    { url = "https://files.pythonhosted.org/packages/d1/d6/3965ed04c63042e047cb6a3e6ed1a63a35087b6a609aa3a15ed8ac56c221/colorama-0.4.6-py2.py3-none-any.whl", hash = "sha256:4f1d9991f5acc0ca119f9d443620b77f9d6b33703e51011c16baf57afb285fc6", size = 25335, upload-time = "2022-10-25T02:36:20.889Z" },
]

[[package]]
name = "deprecated"
version = "1.3.1"
source = { registry = "https://pypi.org/simple" }
dependencies = [
    { name = "wrapt" },
]
sdist = { url = "https://files.pythonhosted.org/packages/49/85/12f0a49a7c4ffb70572b6c2ef13c90c88fd190debda93b23f026b25f9634/deprecated-1.3.1.tar.gz", hash = "sha256:b1b50e0ff0c1fddaa5708a2c6b0a6588bb09b892825ab2b214ac9ea9d92a5223", size = 2932523, upload-time = "2025-10-30T08:19:02.757Z" }
wheels = [
    { url = "https://files.pythonhosted.org/packages/84/d0/205d54408c08b13550c733c4b85429e7ead111c7f0014309637425520a9a/deprecated-1.3.1-py2.py3-none-any.whl", hash = "sha256:597bfef186b6f60181535a29fbe44865ce137a5079f295b479886c82729d5f3f", size = 11298, upload-time = "2025-10-30T08:19:00.758Z" },
]

[[package]]
name = "disjoint-set"
version = "0.7.4"
source = { registry = "https://pypi.org/simple" }
sdist = { url = "https://files.pythonhosted.org/packages/ee/36/a1e5952c493f4cbc264515a7d23d144b53359c94f8f449a958ef159344d9/disjoint_set-0.7.4.tar.gz", hash = "sha256:ae8b04828b2dd5112399a5deebb3fc1b257bf52d95c5e3d0ac2952610a3f7ec5", size = 5225, upload-time = "2023-05-23T12:32:30.935Z" }
wheels = [
    { url = "https://files.pythonhosted.org/packages/a1/a2/fe3c43eed49d2b136c509ac94eac1255ab0ce82d4bed5ffae9faf27e927d/disjoint_set-0.7.4-py3-none-any.whl", hash = "sha256:04225e87af9c05c8e6c8815311e1dc82f262cd89daa23655fc10c11727f1be57", size = 5156, upload-time = "2023-05-23T12:32:28.514Z" },
]

[[package]]
name = "dpmm"
version = "0.1.9"
source = { registry = "https://pypi.org/simple" }
dependencies = [
    { name = "disjoint-set" },
    { name = "networkx" },
    { name = "numpy" },
    { name = "opendp" },
    { name = "pandas" },
    { name = "scikit-learn" },
    { name = "scipy" },
    { name = "tqdm" },
]
sdist = { url = "https://files.pythonhosted.org/packages/77/34/c1a69020d9279a13fe68ef9eb2410431a712dc89453c0d3e535a1b115938/dpmm-0.1.9.tar.gz", hash = "sha256:bc43064737275f8a58dd003094fd4f2af47f355e045ddf140da71c37343a563d", size = 57848, upload-time = "2025-08-28T13:36:37.562Z" }
wheels = [
    { url = "https://files.pythonhosted.org/packages/0c/aa/9647c79eb9260b5e899fbd711a190d6a8cc1fea4fe6bb9daf66de9d00cc0/dpmm-0.1.9-py3-none-any.whl", hash = "sha256:fbd71d26caa51733cf1d8382f140faa755d7157e7d471191fee2c4a862a2f51b", size = 69809, upload-time = "2025-08-28T13:36:36.151Z" },
]

[[package]]
name = "joblib"
version = "1.5.3"
source = { registry = "https://pypi.org/simple" }
sdist = { url = "https://files.pythonhosted.org/packages/41/f2/d34e8b3a08a9cc79a50b2208a93dce981fe615b64d5a4d4abee421d898df/joblib-1.5.3.tar.gz", hash = "sha256:8561a3269e6801106863fd0d6d84bb737be9e7631e33aaed3fb9ce5953688da3", size = 331603, upload-time = "2025-12-15T08:41:46.427Z" }
wheels = [
    { url = "https://files.pythonhosted.org/packages/7b/91/984aca2ec129e2757d1e4e3c81c3fcda9d0f85b74670a094cc443d9ee949/joblib-1.5.3-py3-none-any.whl", hash = "sha256:5fc3c5039fc5ca8c0276333a188bbd59d6b7ab37fe6632daa76bc7f9ec18e713", size = 309071, upload-time = "2025-12-15T08:41:44.973Z" },
]

[[package]]
name = "networkx"
version = "2.8.8"
source = { registry = "https://pypi.org/simple" }
sdist = { url = "https://files.pythonhosted.org/packages/cd/16/c44e8550012735b8f21b3df7f39e8ba5a987fb764ac017ad5f3589735889/networkx-2.8.8.tar.gz", hash = "sha256:230d388117af870fce5647a3c52401fcf753e94720e6ea6b4197a5355648885e", size = 1960828, upload-time = "2022-11-01T20:31:52.02Z" }
wheels = [
    { url = "https://files.pythonhosted.org/packages/42/31/d2f89f1ae42718f8c8a9e440ebe38d7d5fe1e0d9eb9178ce779e365b3ab0/networkx-2.8.8-py3-none-any.whl", hash = "sha256:e435dfa75b1d7195c7b8378c3859f0445cd88c6b0375c181ed66823a9ceb7524", size = 2025192, upload-time = "2022-11-01T20:31:49.035Z" },
]

[[package]]
name = "numpy"
version = "1.26.4"
source = { registry = "https://pypi.org/simple" }
sdist = { url = "https://files.pythonhosted.org/packages/65/6e/09db70a523a96d25e115e71cc56a6f9031e7b8cd166c1ac8438307c14058/numpy-1.26.4.tar.gz", hash = "sha256:2a02aba9ed12e4ac4eb3ea9421c420301a0c6460d9830d74a9df87efa4912010", size = 15786129, upload-time = "2024-02-06T00:26:44.495Z" }
wheels = [
    { url = "https://files.pythonhosted.org/packages/11/57/baae43d14fe163fa0e4c47f307b6b2511ab8d7d30177c491960504252053/numpy-1.26.4-cp311-cp311-macosx_10_9_x86_64.whl", hash = "sha256:4c66707fabe114439db9068ee468c26bbdf909cac0fb58686a42a24de1760c71", size = 20630554, upload-time = "2024-02-05T23:51:50.149Z" },
    { url = "https://files.pythonhosted.org/packages/1a/2e/151484f49fd03944c4a3ad9c418ed193cfd02724e138ac8a9505d056c582/numpy-1.26.4-cp311-cp311-macosx_11_0_arm64.whl", hash = "sha256:edd8b5fe47dab091176d21bb6de568acdd906d1887a4584a15a9a96a1dca06ef", size = 13997127, upload-time = "2024-02-05T23:52:15.314Z" },
    { url = "https://files.pythonhosted.org/packages/79/ae/7e5b85136806f9dadf4878bf73cf223fe5c2636818ba3ab1c585d0403164/numpy-1.26.4-cp311-cp311-manylinux_2_17_aarch64.manylinux2014_aarch64.whl", hash = "sha256:7ab55401287bfec946ced39700c053796e7cc0e3acbef09993a9ad2adba6ca6e", size = 14222994, upload-time = "2024-02-05T23:52:47.569Z" },
    { url = "https://files.pythonhosted.org/packages/3a/d0/edc009c27b406c4f9cbc79274d6e46d634d139075492ad055e3d68445925/numpy-1.26.4-cp311-cp311-manylinux_2_17_x86_64.manylinux2014_x86_64.whl", hash = "sha256:666dbfb6ec68962c033a450943ded891bed2d54e6755e35e5835d63f4f6931d5", size = 18252005, upload-time = "2024-02-05T23:53:15.637Z" },
    { url = "https://files.pythonhosted.org/packages/09/bf/2b1aaf8f525f2923ff6cfcf134ae5e750e279ac65ebf386c75a0cf6da06a/numpy-1.26.4-cp311-cp311-musllinux_1_1_aarch64.whl", hash = "sha256:96ff0b2ad353d8f990b63294c8986f1ec3cb19d749234014f4e7eb0112ceba5a", size = 13885297, upload-time = "2024-02-05T23:53:42.16Z" },
    { url = "https://files.pythonhosted.org/packages/df/a0/4e0f14d847cfc2a633a1c8621d00724f3206cfeddeb66d35698c4e2cf3d2/numpy-1.26.4-cp311-cp311-musllinux_1_1_x86_64.whl", hash = "sha256:60dedbb91afcbfdc9bc0b1f3f402804070deed7392c23eb7a7f07fa857868e8a", size = 18093567, upload-time = "2024-02-05T23:54:11.696Z" },
    { url = "https://files.pythonhosted.org/packages/d2/b7/a734c733286e10a7f1a8ad1ae8c90f2d33bf604a96548e0a4a3a6739b468/numpy-1.26.4-cp311-cp311-win32.whl", hash = "sha256:1af303d6b2210eb850fcf03064d364652b7120803a0b872f5211f5234b399f20", size = 5968812, upload-time = "2024-02-05T23:54:26.453Z" },
    { url = "https://files.pythonhosted.org/packages/3f/6b/5610004206cf7f8e7ad91c5a85a8c71b2f2f8051a0c0c4d5916b76d6cbb2/numpy-1.26.4-cp311-cp311-win_amd64.whl", hash = "sha256:cd25bcecc4974d09257ffcd1f098ee778f7834c3ad767fe5db785be9a4aa9cb2", size = 15811913, upload-time = "2024-02-05T23:54:53.933Z" },
]

[[package]]
name = "opendp"
version = "0.12.1"
source = { registry = "https://pypi.org/simple" }
dependencies = [
    { name = "deprecated" },
]
sdist = { url = "https://files.pythonhosted.org/packages/eb/42/af2a1e9421d4a0a612da922438ba4f08a9cf615257e68d78401056618494/opendp-0.12.1.tar.gz", hash = "sha256:5b17a83733c903958a49ef2fd72e9620169bc0f7bab7c03a20aba66bfdc3fa2e", size = 523617, upload-time = "2025-02-21T04:30:45.213Z" }
wheels = [
    { url = "https://files.pythonhosted.org/packages/65/c2/094ccfa3359e96b339e680dffddb75a7ac82349405eb2cd5adeecddb1d18/opendp-0.12.1-cp39-abi3-macosx_10_13_x86_64.whl", hash = "sha256:72edcd516e606a983ceaf828663655e46ed7d2a712e6335845413672ce10b89a", size = 23421043, upload-time = "2025-02-21T04:30:12.121Z" },
    { url = "https://files.pythonhosted.org/packages/93/79/a6d764e0b0585a52eecdd6e48a6aabfb34c7b9bdc4d1760dfc17c62afede/opendp-0.12.1-cp39-abi3-macosx_11_0_arm64.whl", hash = "sha256:6315380316fada9fd051ac0d0e46d323da1c9a509f0a808908a9c980be4f448a", size = 22186110, upload-time = "2025-02-21T04:30:17.83Z" },
    { url = "https://files.pythonhosted.org/packages/3c/fd/d91400a43378038b27b7a7ae59d30d9931da8288c17ad16f340e9784856d/opendp-0.12.1-cp39-abi3-manylinux_2_17_x86_64.manylinux2014_x86_64.whl", hash = "sha256:c95c3ab7b8e61f94a76f08aafb9dc099d761845ad85da4f217c153fb612ab545", size = 24956943, upload-time = "2025-02-21T04:30:22.454Z" },
    { url = "https://files.pythonhosted.org/packages/14/ea/19d8f27d37e3029fe4068c5de5db15ac66cdca6c7c45c62e13b2b3ce2601/opendp-0.12.1-cp39-abi3-musllinux_1_2_x86_64.whl", hash = "sha256:b66cc7bcacbacd5a911a536b0fb463b2084964fed38b1466ca266e54d717ba67", size = 25005966, upload-time = "2025-02-21T04:30:27.25Z" },
    { url = "https://files.pythonhosted.org/packages/09/8e/39272d8d8d8fc5e7b61931780bca377012fe5b95c0dbd3df36599ed3dd5c/opendp-0.12.1-cp39-abi3-win32.whl", hash = "sha256:b714a4776dfe8af01f6d480d56b5d7595b645da9379acdaf98cd29111df88725", size = 19724305, upload-time = "2025-02-21T04:30:31.767Z" },
    { url = "https://files.pythonhosted.org/packages/08/2c/034cf86173dd51864d5dfcea94afe2860abb0d19b4083e5034ef148e3c4f/opendp-0.12.1-cp39-abi3-win_amd64.whl", hash = "sha256:4590b5297c3572456ecaab451e5560d4bd5fec645f509b49df52625220b2a286", size = 22287901, upload-time = "2025-02-21T04:30:36.623Z" },
    { url = "https://files.pythonhosted.org/packages/82/c9/eccac09da0bfd23ee90f77939f0a349c579f612197be55bd1ae23970c79a/opendp-0.12.1-py3-none-manylinux_2_24_aarch64.whl", hash = "sha256:2258ef20a959f5b6acd97a2b611a26a68a69a34647fbf72d85d72420d41c9e4e", size = 23987423, upload-time = "2025-02-21T04:30:41.39Z" },
]

[[package]]
name = "pandas"
version = "2.1.0"
source = { registry = "https://pypi.org/simple" }
dependencies = [
    { name = "numpy" },
    { name = "python-dateutil" },
    { name = "pytz" },
    { name = "tzdata" },
]
sdist = { url = "https://files.pythonhosted.org/packages/6f/31/a4a8e7367856d9584d0332793edfe631182a9cca885f12dbe2dd77c10c4a/pandas-2.1.0.tar.gz", hash = "sha256:62c24c7fc59e42b775ce0679cfa7b14a5f9bfb7643cfbe708c960699e05fb918", size = 4263970, upload-time = "2023-08-30T13:14:24.318Z" }
wheels = [
    { url = "https://files.pythonhosted.org/packages/c3/05/c5c73d54ceb7d5e4b8c046d39a1bb7f38ee76ea556a002cf3317514f0196/pandas-2.1.0-cp311-cp311-macosx_10_9_x86_64.whl", hash = "sha256:cda72cc8c4761c8f1d97b169661f23a86b16fdb240bdc341173aee17e4d6cedd", size = 12015015, upload-time = "2023-08-30T13:13:46.682Z" },
    { url = "https://files.pythonhosted.org/packages/e5/cd/c941b51e95992968e3e8abc7180f33b952478abd6943062051517a808db7/pandas-2.1.0-cp311-cp311-macosx_11_0_arm64.whl", hash = "sha256:d97daeac0db8c993420b10da4f5f5b39b01fc9ca689a17844e07c0a35ac96b4b", size = 11173830, upload-time = "2023-08-30T13:13:49.313Z" },
    { url = "https://files.pythonhosted.org/packages/e2/25/bfb5c7573e2b884b18e5ea993ee7aeb5a6915ea687174349fdc5f979ceec/pandas-2.1.0-cp311-cp311-manylinux_2_17_aarch64.manylinux2014_aarch64.whl", hash = "sha256:d8c58b1113892e0c8078f006a167cc210a92bdae23322bb4614f2f0b7a4b510f", size = 15176284, upload-time = "2023-08-30T13:13:52.824Z" },
    { url = "https://files.pythonhosted.org/packages/d9/26/895a49ebddb4211f2d777150f38ef9e538deff6df7e179a3624c663efc98/pandas-2.1.0-cp311-cp311-manylinux_2_17_x86_64.manylinux2014_x86_64.whl", hash = "sha256:629124923bcf798965b054a540f9ccdfd60f71361255c81fa1ecd94a904b9dd3", size = 12630840, upload-time = "2023-08-30T13:13:55.634Z" },
    { url = "https://files.pythonhosted.org/packages/bc/ad/d1f0a867064f62ffde917876cc09cfd53352af2b1f147c140fd1943a0c7a/pandas-2.1.0-cp311-cp311-musllinux_1_1_x86_64.whl", hash = "sha256:70cf866af3ab346a10debba8ea78077cf3a8cd14bd5e4bed3d41555a3280041c", size = 13463414, upload-time = "2023-08-30T13:13:58.774Z" },
    { url = "https://files.pythonhosted.org/packages/b7/f8/32d6b5aa4c4bc045fa2c4c58f88c325facc54721956c6313f0afea8ea853/pandas-2.1.0-cp311-cp311-win_amd64.whl", hash = "sha256:d53c8c1001f6a192ff1de1efe03b31a423d0eee2e9e855e69d004308e046e694", size = 11043589, upload-time = "2023-08-30T13:14:02.051Z" },
]

[[package]]
name = "python-dateutil"
version = "2.9.0.post0"
source = { registry = "https://pypi.org/simple" }
dependencies = [
    { name = "six" },
]
sdist = { url = "https://files.pythonhosted.org/packages/66/c0/0c8b6ad9f17a802ee498c46e004a0eb49bc148f2fd230864601a86dcf6db/python-dateutil-2.9.0.post0.tar.gz", hash = "sha256:37dd54208da7e1cd875388217d5e00ebd4179249f90fb72437e91a35459a0ad3", size = 342432, upload-time = "2024-03-01T18:36:20.211Z" }
wheels = [
    { url = "https://files.pythonhosted.org/packages/ec/57/56b9bcc3c9c6a792fcbaf139543cee77261f3651ca9da0c93f5c1221264b/python_dateutil-2.9.0.post0-py2.py3-none-any.whl", hash = "sha256:a8b2bc7bffae282281c8140a97d3aa9c14da0b136dfe83f850eea9a5f7470427", size = 229892, upload-time = "2024-03-01T18:36:18.57Z" },
]

[[package]]
name = "pytz"
version = "2026.2"
source = { registry = "https://pypi.org/simple" }
sdist = { url = "https://files.pythonhosted.org/packages/ff/46/dd499ec9038423421951e4fad73051febaa13d2df82b4064f87af8b8c0c3/pytz-2026.2.tar.gz", hash = "sha256:0e60b47b29f21574376f218fe21abc009894a2321ea16c6754f3cad6eb7cdd6a", size = 320861, upload-time = "2026-05-04T01:35:29.667Z" }
wheels = [
    { url = "https://files.pythonhosted.org/packages/ec/dd/96da98f892250475bdf2328112d7468abdd4acc7b902b6af23f4ed958ea0/pytz-2026.2-py2.py3-none-any.whl", hash = "sha256:04156e608bee23d3792fd45c94ae47fae1036688e75032eea2e3bf0323d1f126", size = 510141, upload-time = "2026-05-04T01:35:27.408Z" },
]

[[package]]
name = "scikit-learn"
version = "1.5.0"
source = { registry = "https://pypi.org/simple" }
dependencies = [
    { name = "joblib" },
    { name = "numpy" },
    { name = "scipy" },
    { name = "threadpoolctl" },
]
sdist = { url = "https://files.pythonhosted.org/packages/bf/8a/06e499bca463905000f50e461c9445e949aafdd33ea3b62024aa2238b83d/scikit_learn-1.5.0.tar.gz", hash = "sha256:789e3db01c750ed6d496fa2db7d50637857b451e57bcae863bff707c1247bef7", size = 7820839, upload-time = "2024-05-21T16:34:07.711Z" }
wheels = [
    { url = "https://files.pythonhosted.org/packages/50/d4/70a9393ab88862c070a263a464042ab4e572a1353b4c3c308bc72a5b68cf/scikit_learn-1.5.0-cp311-cp311-macosx_10_9_x86_64.whl", hash = "sha256:2a65af2d8a6cce4e163a7951a4cfbfa7fceb2d5c013a4b593686c7f16445cf9d", size = 12081437, upload-time = "2024-05-21T16:33:20.16Z" },
    { url = "https://files.pythonhosted.org/packages/6c/97/dfc635bd435655c1216756b543e0427579df144914a055a188d3c0ffd52f/scikit_learn-1.5.0-cp311-cp311-macosx_12_0_arm64.whl", hash = "sha256:4c0c56c3005f2ec1db3787aeaabefa96256580678cec783986836fc64f8ff622", size = 10973963, upload-time = "2024-05-21T16:33:22.801Z" },
    { url = "https://files.pythonhosted.org/packages/61/f5/18dc69d22ec950225237d42b61d3338affc46e5ea63c27c6915f3678f5f2/scikit_learn-1.5.0-cp311-cp311-manylinux_2_17_aarch64.manylinux2014_aarch64.whl", hash = "sha256:1f77547165c00625551e5c250cefa3f03f2fc92c5e18668abd90bfc4be2e0bff", size = 12480861, upload-time = "2024-05-21T16:33:26.131Z" },
    { url = "https://files.pythonhosted.org/packages/46/c0/63d3a8da39a2ee051df229111aa93f6dca2b56f8080abd34993938166455/scikit_learn-1.5.0-cp311-cp311-manylinux_2_17_x86_64.manylinux2014_x86_64.whl", hash = "sha256:118a8d229a41158c9f90093e46b3737120a165181a1b58c03461447aa4657415", size = 13328661, upload-time = "2024-05-21T16:33:29.627Z" },
    { url = "https://files.pythonhosted.org/packages/ae/20/6d1a0a61d468b37a142fd90bb93c73bc1c2205db4a69ac630ed218c31612/scikit_learn-1.5.0-cp311-cp311-win_amd64.whl", hash = "sha256:a03b09f9f7f09ffe8c5efffe2e9de1196c696d811be6798ad5eddf323c6f4d40", size = 10972963, upload-time = "2024-05-21T16:33:32.98Z" },
]

[[package]]
name = "scipy"
version = "1.17.1"
source = { registry = "https://pypi.org/simple" }
dependencies = [
    { name = "numpy" },
]
sdist = { url = "https://files.pythonhosted.org/packages/7a/97/5a3609c4f8d58b039179648e62dd220f89864f56f7357f5d4f45c29eb2cc/scipy-1.17.1.tar.gz", hash = "sha256:95d8e012d8cb8816c226aef832200b1d45109ed4464303e997c5b13122b297c0", size = 30573822, upload-time = "2026-02-23T00:26:24.851Z" }
wheels = [
    { url = "https://files.pythonhosted.org/packages/df/75/b4ce781849931fef6fd529afa6b63711d5a733065722d0c3e2724af9e40a/scipy-1.17.1-cp311-cp311-macosx_10_14_x86_64.whl", hash = "sha256:1f95b894f13729334fb990162e911c9e5dc1ab390c58aa6cbecb389c5b5e28ec", size = 31613675, upload-time = "2026-02-23T00:16:00.13Z" },
    { url = "https://files.pythonhosted.org/packages/f7/58/bccc2861b305abdd1b8663d6130c0b3d7cc22e8d86663edbc8401bfd40d4/scipy-1.17.1-cp311-cp311-macosx_12_0_arm64.whl", hash = "sha256:e18f12c6b0bc5a592ed23d3f7b891f68fd7f8241d69b7883769eb5d5dfb52696", size = 28162057, upload-time = "2026-02-23T00:16:09.456Z" },
    { url = "https://files.pythonhosted.org/packages/6d/ee/18146b7757ed4976276b9c9819108adbc73c5aad636e5353e20746b73069/scipy-1.17.1-cp311-cp311-macosx_14_0_arm64.whl", hash = "sha256:a3472cfbca0a54177d0faa68f697d8ba4c80bbdc19908c3465556d9f7efce9ee", size = 20334032, upload-time = "2026-02-23T00:16:17.358Z" },
    { url = "https://files.pythonhosted.org/packages/ec/e6/cef1cf3557f0c54954198554a10016b6a03b2ec9e22a4e1df734936bd99c/scipy-1.17.1-cp311-cp311-macosx_14_0_x86_64.whl", hash = "sha256:766e0dc5a616d026a3a1cffa379af959671729083882f50307e18175797b3dfd", size = 22709533, upload-time = "2026-02-23T00:16:25.791Z" },
    { url = "https://files.pythonhosted.org/packages/4d/60/8804678875fc59362b0fb759ab3ecce1f09c10a735680318ac30da8cd76b/scipy-1.17.1-cp311-cp311-manylinux_2_27_aarch64.manylinux_2_28_aarch64.whl", hash = "sha256:744b2bf3640d907b79f3fd7874efe432d1cf171ee721243e350f55234b4cec4c", size = 33062057, upload-time = "2026-02-23T00:16:36.931Z" },
    { url = "https://files.pythonhosted.org/packages/09/7d/af933f0f6e0767995b4e2d705a0665e454d1c19402aa7e895de3951ebb04/scipy-1.17.1-cp311-cp311-manylinux_2_27_x86_64.manylinux_2_28_x86_64.whl", hash = "sha256:43af8d1f3bea642559019edfe64e9b11192a8978efbd1539d7bc2aaa23d92de4", size = 35349300, upload-time = "2026-02-23T00:16:49.108Z" },
    { url = "https://files.pythonhosted.org/packages/b4/3d/7ccbbdcbb54c8fdc20d3b6930137c782a163fa626f0aef920349873421ba/scipy-1.17.1-cp311-cp311-musllinux_1_2_aarch64.whl", hash = "sha256:cd96a1898c0a47be4520327e01f874acfd61fb48a9420f8aa9f6483412ffa444", size = 35127333, upload-time = "2026-02-23T00:17:01.293Z" },
    { url = "https://files.pythonhosted.org/packages/e8/19/f926cb11c42b15ba08e3a71e376d816ac08614f769b4f47e06c3580c836a/scipy-1.17.1-cp311-cp311-musllinux_1_2_x86_64.whl", hash = "sha256:4eb6c25dd62ee8d5edf68a8e1c171dd71c292fdae95d8aeb3dd7d7de4c364082", size = 37741314, upload-time = "2026-02-23T00:17:12.576Z" },
    { url = "https://files.pythonhosted.org/packages/95/da/0d1df507cf574b3f224ccc3d45244c9a1d732c81dcb26b1e8a766ae271a8/scipy-1.17.1-cp311-cp311-win_amd64.whl", hash = "sha256:d30e57c72013c2a4fe441c2fcb8e77b14e152ad48b5464858e07e2ad9fbfceff", size = 36607512, upload-time = "2026-02-23T00:17:23.424Z" },
    { url = "https://files.pythonhosted.org/packages/68/7f/bdd79ceaad24b671543ffe0ef61ed8e659440eb683b66f033454dcee90eb/scipy-1.17.1-cp311-cp311-win_arm64.whl", hash = "sha256:9ecb4efb1cd6e8c4afea0daa91a87fbddbce1b99d2895d151596716c0b2e859d", size = 24599248, upload-time = "2026-02-23T00:17:34.561Z" },
]

[[package]]
name = "six"
version = "1.17.0"
source = { registry = "https://pypi.org/simple" }
sdist = { url = "https://files.pythonhosted.org/packages/94/e7/b2c673351809dca68a0e064b6af791aa332cf192da575fd474ed7d6f16a2/six-1.17.0.tar.gz", hash = "sha256:ff70335d468e7eb6ec65b95b99d3a2836546063f63acc5171de367e834932a81", size = 34031, upload-time = "2024-12-04T17:35:28.174Z" }
wheels = [
    { url = "https://files.pythonhosted.org/packages/b7/ce/149a00dd41f10bc29e5921b496af8b574d8413afcd5e30dfa0ed46c2cc5e/six-1.17.0-py2.py3-none-any.whl", hash = "sha256:4721f391ed90541fddacab5acf947aa0d3dc7d27b2e1e8eda2be8970586c3274", size = 11050, upload-time = "2024-12-04T17:35:26.475Z" },
]

[[package]]
name = "sts-dpmm-worker"
version = "0.1.0"
source = { editable = "." }
dependencies = [
    { name = "dpmm" },
    { name = "numpy" },
    { name = "pandas" },
]

[package.metadata]
requires-dist = [
    { name = "dpmm", specifier = "==0.1.9" },
    { name = "numpy", specifier = "==1.26.4" },
    { name = "pandas", specifier = "==2.1.0" },
]

[[package]]
name = "threadpoolctl"
version = "3.6.0"
source = { registry = "https://pypi.org/simple" }
sdist = { url = "https://files.pythonhosted.org/packages/b7/4d/08c89e34946fce2aec4fbb45c9016efd5f4d7f24af8e5d93296e935631d8/threadpoolctl-3.6.0.tar.gz", hash = "sha256:8ab8b4aa3491d812b623328249fab5302a68d2d71745c8a4c719a2fcaba9f44e", size = 21274, upload-time = "2025-03-13T13:49:23.031Z" }
wheels = [
    { url = "https://files.pythonhosted.org/packages/32/d5/f9a850d79b0851d1d4ef6456097579a9005b31fea68726a4ae5f2d82ddd9/threadpoolctl-3.6.0-py3-none-any.whl", hash = "sha256:43a0b8fd5a2928500110039e43a5eed8480b918967083ea48dc3ab9f13c4a7fb", size = 18638, upload-time = "2025-03-13T13:49:21.846Z" },
]

[[package]]
name = "tqdm"
version = "4.69.0"
source = { registry = "https://pypi.org/simple" }
dependencies = [
    { name = "colorama", marker = "sys_platform == 'win32'" },
]
sdist = { url = "https://files.pythonhosted.org/packages/8c/69/40407dfc835517f058b603dbf37a6df094d8582b015a51eddc988febbcb7/tqdm-4.69.0.tar.gz", hash = "sha256:700c5e85dcd5f009dd6222588a29180a193a748247a5d855b4d67db93d79a53b", size = 792569, upload-time = "2026-07-17T18:09:06.2Z" }
wheels = [
    { url = "https://files.pythonhosted.org/packages/fe/21/99a0cdaf54eb35e77623c41b5a2c9472ee4404bba687052791fe2aba6773/tqdm-4.69.0-py3-none-any.whl", hash = "sha256:9979978912be667a6ef21fd5d8abf54e324e63d82f7f43c360792ebc2bc4e622", size = 676680, upload-time = "2026-07-17T18:09:04.172Z" },
]

[[package]]
name = "tzdata"
version = "2026.3"
source = { registry = "https://pypi.org/simple" }
sdist = { url = "https://files.pythonhosted.org/packages/92/ff/5a28bdfd8c3ebec42564ac7d0e54ca3db65044a9314a97f9564fa7a1e926/tzdata-2026.3.tar.gz", hash = "sha256:4a1518b8993086a7982523e071643f3c0e5f213e75b21318e78bcabfff9d1415", size = 198674, upload-time = "2026-07-10T08:50:37.887Z" }
wheels = [
    { url = "https://files.pythonhosted.org/packages/e5/6d/b53b99a9f2766d095985947a5782f1702cabb129a34f7a802d7197af832f/tzdata-2026.3-py2.py3-none-any.whl", hash = "sha256:dc096730c87af6cab1b171c9d532be840741ff5d459015e7f6947bd7d7e54931", size = 348168, upload-time = "2026-07-10T08:50:36.46Z" },
]

[[package]]
name = "wrapt"
version = "2.2.2"
source = { registry = "https://pypi.org/simple" }
sdist = { url = "https://files.pythonhosted.org/packages/fe/a4/282c8e64300a59fc834518a54bf0afabb4ff9218b5fa76958b450459a844/wrapt-2.2.2.tar.gz", hash = "sha256:0788e321027c999bf221b667bd4a54aaefd1a36283749a860ac3eb77daed0302", size = 129068, upload-time = "2026-06-20T23:49:44.49Z" }
wheels = [
    { url = "https://files.pythonhosted.org/packages/27/15/0c2d55168707465abfc41f33c0b23d792a5fa9b65c26983606940900a120/wrapt-2.2.2-cp311-cp311-macosx_10_9_x86_64.whl", hash = "sha256:f1a2ff355ece6a111ca7a20dc86df6659c9205d3fcee674ca34f2a2854fd4e73", size = 80782, upload-time = "2026-06-20T23:47:44.367Z" },
    { url = "https://files.pythonhosted.org/packages/7d/b5/5c0b093eb48f8a062ef6267d3cb36e9bb1b88440181f6545a383c60efdf8/wrapt-2.2.2-cp311-cp311-macosx_11_0_arm64.whl", hash = "sha256:55b9a899e6fff5444f229d30aa6e9ac92d2216d9d60f33c771b5d76a760d5f8e", size = 81678, upload-time = "2026-06-20T23:47:45.857Z" },
    { url = "https://files.pythonhosted.org/packages/34/f3/de70937472dd3e8a4e6811192f9c6075efdffd4a2cd9b4596bf160f89668/wrapt-2.2.2-cp311-cp311-manylinux1_x86_64.manylinux_2_28_x86_64.manylinux_2_5_x86_64.whl", hash = "sha256:a2d78c363f97d8bd718ee40432c66395685e9e98528ccaa423c3355d1715a26d", size = 159671, upload-time = "2026-06-20T23:47:47.345Z" },
    { url = "https://files.pythonhosted.org/packages/a5/ec/40aed2330e7f02ecf74386ffcfef9ccb7108c6a430f15b6a252b663b1bed/wrapt-2.2.2-cp311-cp311-manylinux2014_aarch64.manylinux_2_17_aarch64.manylinux_2_28_aarch64.whl", hash = "sha256:d619e1eed9bd4f6ed9f24cd61971aa086fa86505289628d464bcf8a2c2e3f328", size = 160785, upload-time = "2026-06-20T23:47:48.759Z" },
    { url = "https://files.pythonhosted.org/packages/45/04/aa5309beed5344b00220ae6b3b24055852192656194c27947bee1736306a/wrapt-2.2.2-cp311-cp311-manylinux_2_31_riscv64.manylinux_2_39_riscv64.whl", hash = "sha256:518b0c5e323511ec56a38894802ddd5e1222626484e68efe63f201854ad788e5", size = 153699, upload-time = "2026-06-20T23:47:50.177Z" },
    { url = "https://files.pythonhosted.org/packages/01/df/2def7e99d1fe87eea413f95f671924cdddcb08823b1ffd212748dfa6d062/wrapt-2.2.2-cp311-cp311-musllinux_1_2_aarch64.whl", hash = "sha256:4bccea5cdecffa9dd70e343741f0e41e0a16619313d04b72f78bb525162ebcd0", size = 159695, upload-time = "2026-06-20T23:47:51.602Z" },
    { url = "https://files.pythonhosted.org/packages/c7/f6/a906d01a2ce12157bad2404957b3e2140da354b8a70b2fa48bbf282871c0/wrapt-2.2.2-cp311-cp311-musllinux_1_2_riscv64.whl", hash = "sha256:209112cafd963710a05d199aae431d79a28bc76eb8e6d1bbbb8ad24340722cae", size = 152813, upload-time = "2026-06-20T23:47:53.03Z" },
    { url = "https://files.pythonhosted.org/packages/02/49/bc0086292d239575b4c08f4cf8a4079fa58abbad58ec23abf84833a283ed/wrapt-2.2.2-cp311-cp311-musllinux_1_2_x86_64.whl", hash = "sha256:e5a5290e4bf2f332fc29ce72ffb9a2fff678aaac047e2e9f5f7165cd7792e099", size = 158809, upload-time = "2026-06-20T23:47:54.391Z" },
    { url = "https://files.pythonhosted.org/packages/55/83/8fbd034de1f3e907edaa18786d5dd8f6932874edee0826c7cecb5cab03a1/wrapt-2.2.2-cp311-cp311-win32.whl", hash = "sha256:5499236ad1dc116012e2a5dd943f3f31af12fce452128e2bbcbd55a7d3d4d14c", size = 77414, upload-time = "2026-06-20T23:47:55.882Z" },
    { url = "https://files.pythonhosted.org/packages/7e/9c/23695baa331c6de4e874c3d78b8e0bed92e1d2a274e665b29858f6841672/wrapt-2.2.2-cp311-cp311-win_amd64.whl", hash = "sha256:8636809939152be6ae20a6cef0fed9fe60f411b47847d0426a826884b469e971", size = 80368, upload-time = "2026-06-20T23:47:57.237Z" },
    { url = "https://files.pythonhosted.org/packages/08/49/40cefc342bf89b234a4490d741290fce781774b831aefb39c25471da96c9/wrapt-2.2.2-cp311-cp311-win_arm64.whl", hash = "sha256:5d0a142f7af07caeb5e5da87493162a7b8efa19ba919e550a746f7446e13fb30", size = 79489, upload-time = "2026-06-20T23:47:58.56Z" },
    { url = "https://files.pythonhosted.org/packages/6e/d2/6317eb6d4554855bbf12d61857774af34747bf88a42c19bf306de67e2fa3/wrapt-2.2.2-py3-none-any.whl", hash = "sha256:5bad217350f19ce99ca5b5e71d406765ea86fe541628426772b657375ee1c048", size = 61460, upload-time = "2026-06-20T23:49:42.966Z" },
]
